
Microsoft Visual Studio Solution File, Format Version 12.00
# Visual Studio 15
VisualStudioVersion = 15.0.27130.2024
MinimumVisualStudioVersion = 10.0.40219.1
Project("{888888A0-9F3D-457C-B088-3A5042F75D52}") = "MID", "MID\MID.pyproj", "{3E6209F3-E931-4EBB-B1F3-08A6547BF3EC}"
EndProject
Global
	GlobalSection(SolutionConfigurationPlatforms) = preSolution
		Debug|Any CPU = Debug|Any CPU
		Release|Any CPU = Release|Any CPU
	EndGlobalSection
	GlobalSection(ProjectConfigurationPlatforms) = postSolution
		{3E6209F3-E931-4EBB-B1F3-08A6547BF3EC}.Debug|Any CPU.ActiveCfg = Debug|Any CPU
		{3E6209F3-E931-4EBB-B1F3-08A6547BF3EC}.Debug|Any CPU.Build.0 = Debug|Any CPU
		{3E6209F3-E931-4EBB-B1F3-08A6547BF3EC}.Release|Any CPU.ActiveCfg = Release|Any CPU
		{3E6209F3-E931-4EBB-B1F3-08A6547BF3EC}.Release|Any CPU.Build.0 = Release|Any CPU
	EndGlobalSection
	GlobalSection(SolutionProperties) = preSolution
		HideSolutionNode = FALSE
	EndGlobalSection
	GlobalSection(ExtensibilityGlobals) = postSolution
		SolutionGuid = {57E095C7-0930-4EB7-AAB3-C3728686809E}
	EndGlobalSection
EndGlobal
